
Microsoft Visual Studio Solution File, Format Version 12.00
# Visual Studio Version 16
VisualStudioVersion = 16.0.30804.86
MinimumVisualStudioVersion = 10.0.40219.1
Project("{2150E333-8FDC-42A3-9474-1A3956D46DE8}") = "Services", "Services", "{47D21403-2E19-4397-81C0-2EC914E8A637}"
EndProject
Project("{2150E333-8FDC-42A3-9474-1A3956D46DE8}") = "Catalog", "Catalog", "{58E310AA-A7A8-46E6-9EA1-86E38F615EF5}"
EndProject
Project("{FAE04EC0-301F-11D3-BF4B-00C04F79EFBC}") = "Catalog.Api", "Services\Catalog\Catalog.Api\Catalog.Api.csproj", "{4F837E58-E310-4918-8737-8AAA7235B549}"
EndProject
Global
	GlobalSection(SolutionConfigurationPlatforms) = preSolution
		Debug|Any CPU = Debug|Any CPU
		Release|Any CPU = Release|Any CPU
	EndGlobalSection
	GlobalSection(ProjectConfigurationPlatforms) = postSolution
		{4F837E58-E310-4918-8737-8AAA7235B549}.Debug|Any CPU.ActiveCfg = Debug|Any CPU
		{4F837E58-E310-4918-8737-8AAA7235B549}.Debug|Any CPU.Build.0 = Debug|Any CPU
		{4F837E58-E310-4918-8737-8AAA7235B549}.Release|Any CPU.ActiveCfg = Release|Any CPU
		{4F837E58-E310-4918-8737-8AAA7235B549}.Release|Any CPU.Build.0 = Release|Any CPU
	EndGlobalSection
	GlobalSection(SolutionProperties) = preSolution
		HideSolutionNode = FALSE
	EndGlobalSection
	GlobalSection(NestedProjects) = preSolution
		{58E310AA-A7A8-46E6-9EA1-86E38F615EF5} = {47D21403-2E19-4397-81C0-2EC914E8A637}
		{4F837E58-E310-4918-8737-8AAA7235B549} = {58E310AA-A7A8-46E6-9EA1-86E38F615EF5}
	EndGlobalSection
	GlobalSection(ExtensibilityGlobals) = postSolution
		SolutionGuid = {4C2AABFB-6868-403A-B7F6-E3F2030FDF88}
	EndGlobalSection
EndGlobal
